
Microsoft Visual Studio Solution File, Format Version 12.00
# Visual Studio Version 17
VisualStudioVersion = 17.10.35027.167
MinimumVisualStudioVersion = 10.0.40219.1
Project("{9A19103F-16F7-4668-BE54-9A1E7A4F7556}") = "Calculator", "Calculator.csproj", "{F6E27B04-9204-4557-91E5-9F054BEFCAAB}"
EndProject
Global
	GlobalSection(SolutionConfigurationPlatforms) = preSolution
		Debug|Any CPU = Debug|Any CPU
		Release|Any CPU = Release|Any CPU
	EndGlobalSection
	GlobalSection(ProjectConfigurationPlatforms) = postSolution
		{F6E27B04-9204-4557-91E5-9F054BEFCAAB}.Debug|Any CPU.ActiveCfg = Debug|Any CPU
		{F6E27B04-9204-4557-91E5-9F054BEFCAAB}.Debug|Any CPU.Build.0 = Debug|Any CPU
		{F6E27B04-9204-4557-91E5-9F054BEFCAAB}.Release|Any CPU.ActiveCfg = Release|Any CPU
		{F6E27B04-9204-4557-91E5-9F054BEFCAAB}.Release|Any CPU.Build.0 = Release|Any CPU
	EndGlobalSection
	GlobalSection(SolutionProperties) = preSolution
		HideSolutionNode = FALSE
	EndGlobalSection
	GlobalSection(ExtensibilityGlobals) = postSolution
		SolutionGuid = {25EEBDBF-6ECE-44E4-A9C7-A9EBF03B1167}
	EndGlobalSection
EndGlobal
